
Microsoft Visual Studio Solution File, Format Version 12.00
# Visual Studio Version 16
VisualStudioVersion = 16.0.31321.278
MinimumVisualStudioVersion = 10.0.40219.1
Project("{FAE04EC0-301F-11D3-BF4B-00C04F79EFBC}") = "OopQuizSystem", "OopQuizSystem\OopQuizSystem.csproj", "{51CCA15B-AD1D-4D51-9A2D-858799C993D9}"
EndProject
Project("{FAE04EC0-301F-11D3-BF4B-00C04F79EFBC}") = "OopQuizSystem.Library", "OopQuizSystem.Library\OopQuizSystem.Library.csproj", "{9806A7EB-6730-469F-A9D7-D9B98B3E8A95}"
EndProject
Global
	GlobalSection(SolutionConfigurationPlatforms) = preSolution
		Debug|Any CPU = Debug|Any CPU
		Release|Any CPU = Release|Any CPU
	EndGlobalSection
	GlobalSection(ProjectConfigurationPlatforms) = postSolution
		{51CCA15B-AD1D-4D51-9A2D-858799C993D9}.Debug|Any CPU.ActiveCfg = Debug|Any CPU
		{51CCA15B-AD1D-4D51-9A2D-858799C993D9}.Debug|Any CPU.Build.0 = Debug|Any CPU
		{51CCA15B-AD1D-4D51-9A2D-858799C993D9}.Release|Any CPU.ActiveCfg = Release|Any CPU
		{51CCA15B-AD1D-4D51-9A2D-858799C993D9}.Release|Any CPU.Build.0 = Release|Any CPU
		{9806A7EB-6730-469F-A9D7-D9B98B3E8A95}.Debug|Any CPU.ActiveCfg = Debug|Any CPU
		{9806A7EB-6730-469F-A9D7-D9B98B3E8A95}.Debug|Any CPU.Build.0 = Debug|Any CPU
		{9806A7EB-6730-469F-A9D7-D9B98B3E8A95}.Release|Any CPU.ActiveCfg = Release|Any CPU
		{9806A7EB-6730-469F-A9D7-D9B98B3E8A95}.Release|Any CPU.Build.0 = Release|Any CPU
	EndGlobalSection
	GlobalSection(SolutionProperties) = preSolution
		HideSolutionNode = FALSE
	EndGlobalSection
	GlobalSection(ExtensibilityGlobals) = postSolution
		SolutionGuid = {84F71118-C658-4E47-8F3F-B6C18653148D}
	EndGlobalSection
EndGlobal
